
Microsoft Visual Studio Solution File, Format Version 12.00
# Visual Studio Version 17
VisualStudioVersion = 17.6.33829.357
MinimumVisualStudioVersion = 10.0.40219.1
Project("{9A19103F-16F7-4668-BE54-9A1E7A4F7556}") = "WebAPIMicrosservicoConsumer", "WebAPIMicrosservicoConsumer\WebAPIMicrosservicoConsumer.csproj", "{F2D20E37-F5AC-4F27-B3BC-A54C8FBC23A2}"
EndProject
Project("{9A19103F-16F7-4668-BE54-9A1E7A4F7556}") = "WebAPIMicrosservico", "..\WebAPIMicrosservico\WebAPIMicrosservico\WebAPIMicrosservico.csproj", "{125A176D-9D17-4789-84FE-088F3C54F14D}"
EndProject
Global
	GlobalSection(SolutionConfigurationPlatforms) = preSolution
		Debug|Any CPU = Debug|Any CPU
		Release|Any CPU = Release|Any CPU
	EndGlobalSection
	GlobalSection(ProjectConfigurationPlatforms) = postSolution
		{F2D20E37-F5AC-4F27-B3BC-A54C8FBC23A2}.Debug|Any CPU.ActiveCfg = Debug|Any CPU
		{F2D20E37-F5AC-4F27-B3BC-A54C8FBC23A2}.Debug|Any CPU.Build.0 = Debug|Any CPU
		{F2D20E37-F5AC-4F27-B3BC-A54C8FBC23A2}.Release|Any CPU.ActiveCfg = Release|Any CPU
		{F2D20E37-F5AC-4F27-B3BC-A54C8FBC23A2}.Release|Any CPU.Build.0 = Release|Any CPU
		{125A176D-9D17-4789-84FE-088F3C54F14D}.Debug|Any CPU.ActiveCfg = Debug|Any CPU
		{125A176D-9D17-4789-84FE-088F3C54F14D}.Debug|Any CPU.Build.0 = Debug|Any CPU
		{125A176D-9D17-4789-84FE-088F3C54F14D}.Release|Any CPU.ActiveCfg = Release|Any CPU
		{125A176D-9D17-4789-84FE-088F3C54F14D}.Release|Any CPU.Build.0 = Release|Any CPU
	EndGlobalSection
	GlobalSection(SolutionProperties) = preSolution
		HideSolutionNode = FALSE
	EndGlobalSection
	GlobalSection(ExtensibilityGlobals) = postSolution
		SolutionGuid = {B28B77D3-A35B-4E73-8B27-752D7B9AD928}
	EndGlobalSection
EndGlobal
